// !$*UTF8*$!
{
	archiveVersion = 1;
	classes = {
	};
	objectVersion = 46;
	objects = {

/* Begin PBXBuildFile section */
		2292DF0F5B968CE1305314FD /* Pods_QuickExample.framework in Frameworks */ = {isa = PBXBuildFile; fileRef = F32614486ACE1F9A8C6C4B6E /* Pods_QuickExample.framework */; };
		47996FD92399246B003218FD /* SwiftUIExampleTests.swift in Sources */ = {isa = PBXBuildFile; fileRef = 47996FD82399246B003218FD /* SwiftUIExampleTests.swift */; };
		47996FE42399246B003218FD /* SwiftUIExampleUITests.swift in Sources */ = {isa = PBXBuildFile; fileRef = 47996FE32399246B003218FD /* SwiftUIExampleUITests.swift */; };
		479970242399271A003218FD /* DetailView.swift in Sources */ = {isa = PBXBuildFile; fileRef = 47996FF02399271A003218FD /* DetailView.swift */; };
		479970252399271A003218FD /* Assets.xcassets in Resources */ = {isa = PBXBuildFile; fileRef = 47996FF12399271A003218FD /* Assets.xcassets */; };
		479970262399271A003218FD /* URL+Extension.swift in Sources */ = {isa = PBXBuildFile; fileRef = 47996FF22399271A003218FD /* URL+Extension.swift */; };
		479970272399271A003218FD /* Preview Assets.xcassets in Resources */ = {isa = PBXBuildFile; fileRef = 47996FF42399271A003218FD /* Preview Assets.xcassets */; };
		479970282399271A003218FD /* LaunchScreen.storyboard in Resources */ = {isa = PBXBuildFile; fileRef = 47996FF52399271A003218FD /* LaunchScreen.storyboard */; };
		479970292399271A003218FD /* ItemListViewModel.swift in Sources */ = {isa = PBXBuildFile; fileRef = 47996FFC2399271A003218FD /* ItemListViewModel.swift */; };
		4799702A2399271A003218FD /* ItemListModel.swift in Sources */ = {isa = PBXBuildFile; fileRef = 47996FFE2399271A003218FD /* ItemListModel.swift */; };
		4799702B2399271A003218FD /* ItemRow.swift in Sources */ = {isa = PBXBuildFile; fileRef = 479970002399271A003218FD /* ItemRow.swift */; };
		4799702C2399271A003218FD /* ItemListView.swift in Sources */ = {isa = PBXBuildFile; fileRef = 479970012399271A003218FD /* ItemListView.swift */; };
		4799702D2399271A003218FD /* Photo.swift in Sources */ = {isa = PBXBuildFile; fileRef = 479970042399271A003218FD /* Photo.swift */; };
		4799702E2399271A003218FD /* UIImage+Extension.swift in Sources */ = {isa = PBXBuildFile; fileRef = 479970062399271A003218FD /* UIImage+Extension.swift */; };
		4799702F2399271A003218FD /* IOError.swift in Sources */ = {isa = PBXBuildFile; fileRef = 479970072399271A003218FD /* IOError.swift */; };
		479970302399271A003218FD /* Constants.swift in Sources */ = {isa = PBXBuildFile; fileRef = 479970092399271A003218FD /* Constants.swift */; };
		479970312399271A003218FD /* CombineNetwork.swift in Sources */ = {isa = PBXBuildFile; fileRef = 4799700B2399271A003218FD /* CombineNetwork.swift */; };
		479970322399271A003218FD /* FetchItemUrlMakeable.swift in Sources */ = {isa = PBXBuildFile; fileRef = 4799700D2399271A003218FD /* FetchItemUrlMakeable.swift */; };
		479970332399271A003218FD /* ImageLoadable.swift in Sources */ = {isa = PBXBuildFile; fileRef = 4799700E2399271A003218FD /* ImageLoadable.swift */; };
		479970342399271A003218FD /* Fetchable.swift in Sources */ = {isa = PBXBuildFile; fileRef = 4799700F2399271A003218FD /* Fetchable.swift */; };
		479970352399271A003218FD /* OrderedSet.swift in Sources */ = {isa = PBXBuildFile; fileRef = 479970112399271A003218FD /* OrderedSet.swift */; };
		479970362399271A003218FD /* ImageLoader.swift in Sources */ = {isa = PBXBuildFile; fileRef = 479970132399271A003218FD /* ImageLoader.swift */; };
		479970372399271A003218FD /* BlurView.swift in Sources */ = {isa = PBXBuildFile; fileRef = 479970182399271A003218FD /* BlurView.swift */; };
		479970382399271A003218FD /* Functions.swift in Sources */ = {isa = PBXBuildFile; fileRef = 4799701B2399271A003218FD /* Functions.swift */; };
		479970392399271A003218FD /* NetworkError.swift in Sources */ = {isa = PBXBuildFile; fileRef = 4799701D2399271A003218FD /* NetworkError.swift */; };
		4799703A2399271A003218FD /* GenericItem.swift in Sources */ = {isa = PBXBuildFile; fileRef = 4799701E2399271A003218FD /* GenericItem.swift */; };
		4799703B2399271A003218FD /* AppDelegate.swift in Sources */ = {isa = PBXBuildFile; fileRef = 4799701F2399271A003218FD /* AppDelegate.swift */; };
		4799703C2399271A003218FD /* authors.txt in Resources */ = {isa = PBXBuildFile; fileRef = 479970202399271A003218FD /* authors.txt */; };
		4799703D2399271A003218FD /* ContentView.swift in Sources */ = {isa = PBXBuildFile; fileRef = 479970212399271A003218FD /* ContentView.swift */; };
		4799703F2399271A003218FD /* SceneDelegate.swift in Sources */ = {isa = PBXBuildFile; fileRef = 479970232399271A003218FD /* SceneDelegate.swift */; };
		4799708723994425003218FD /* AppDelegate.swift in Sources */ = {isa = PBXBuildFile; fileRef = 4799708623994425003218FD /* AppDelegate.swift */; };
		4799708923994425003218FD /* SceneDelegate.swift in Sources */ = {isa = PBXBuildFile; fileRef = 4799708823994425003218FD /* SceneDelegate.swift */; };
		4799708B23994425003218FD /* ContentView.swift in Sources */ = {isa = PBXBuildFile; fileRef = 4799708A23994425003218FD /* ContentView.swift */; };
		4799708D23994426003218FD /* Assets.xcassets in Resources */ = {isa = PBXBuildFile; fileRef = 4799708C23994426003218FD /* Assets.xcassets */; };
		4799709023994426003218FD /* Preview Assets.xcassets in Resources */ = {isa = PBXBuildFile; fileRef = 4799708F23994426003218FD /* Preview Assets.xcassets */; };
		4799709323994426003218FD /* LaunchScreen.storyboard in Resources */ = {isa = PBXBuildFile; fileRef = 4799709123994426003218FD /* LaunchScreen.storyboard */; };
		E42C6E408CEFE116925405E6 /* Pods_SwiftUIExample.framework in Frameworks */ = {isa = PBXBuildFile; fileRef = 7C1ED3953B5A570AF020CD43 /* Pods_SwiftUIExample.framework */; };
/* End PBXBuildFile section */

/* Begin PBXContainerItemProxy section */
		47996FD52399246A003218FD /* PBXContainerItemProxy */ = {
			isa = PBXContainerItemProxy;
			containerPortal = 607FACC81AFB9204008FA782 /* Project object */;
			proxyType = 1;
			remoteGlobalIDString = 47996FBE2399246A003218FD;
			remoteInfo = SwiftUIExample;
		};
		47996FE02399246B003218FD /* PBXContainerItemProxy */ = {
			isa = PBXContainerItemProxy;
			containerPortal = 607FACC81AFB9204008FA782 /* Project object */;
			proxyType = 1;
			remoteGlobalIDString = 47996FBE2399246A003218FD;
			remoteInfo = SwiftUIExample;
		};
/* End PBXContainerItemProxy section */

/* Begin PBXFileReference section */
		1A1C4A4C585A24DAFA1E418B /* LICENSE */ = {isa = PBXFileReference; includeInIndex = 1; lastKnownFileType = text; name = LICENSE; path = ../LICENSE; sourceTree = "<group>"; };
		1E15FB8B0681D427A866853F /* Pods-SpotlightSearch_Tests.debug.xcconfig */ = {isa = PBXFileReference; includeInIndex = 1; lastKnownFileType = text.xcconfig; name = "Pods-SpotlightSearch_Tests.debug.xcconfig"; path = "Target Support Files/Pods-SpotlightSearch_Tests/Pods-SpotlightSearch_Tests.debug.xcconfig"; sourceTree = "<group>"; };
		207F4C5DEDA36CA27B32A866 /* README.md */ = {isa = PBXFileReference; includeInIndex = 1; lastKnownFileType = net.daringfireball.markdown; name = README.md; path = ../README.md; sourceTree = "<group>"; };
		44D458B35825B59F12F7A4A2 /* Pods-SpotlightSearch_Example.release.xcconfig */ = {isa = PBXFileReference; includeInIndex = 1; lastKnownFileType = text.xcconfig; name = "Pods-SpotlightSearch_Example.release.xcconfig"; path = "Target Support Files/Pods-SpotlightSearch_Example/Pods-SpotlightSearch_Example.release.xcconfig"; sourceTree = "<group>"; };
		47996FBF2399246A003218FD /* SwiftUIExample.app */ = {isa = PBXFileReference; explicitFileType = wrapper.application; includeInIndex = 0; path = SwiftUIExample.app; sourceTree = BUILT_PRODUCTS_DIR; };
		47996FD42399246A003218FD /* SwiftUIExampleTests.xctest */ = {isa = PBXFileReference; explicitFileType = wrapper.cfbundle; includeInIndex = 0; path = SwiftUIExampleTests.xctest; sourceTree = BUILT_PRODUCTS_DIR; };
		47996FD82399246B003218FD /* SwiftUIExampleTests.swift */ = {isa = PBXFileReference; lastKnownFileType = sourcecode.swift; path = SwiftUIExampleTests.swift; sourceTree = "<group>"; };
		47996FDA2399246B003218FD /* Info.plist */ = {isa = PBXFileReference; lastKnownFileType = text.plist.xml; path = Info.plist; sourceTree = "<group>"; };
		47996FDF2399246B003218FD /* SwiftUIExampleUITests.xctest */ = {isa = PBXFileReference; explicitFileType = wrapper.cfbundle; includeInIndex = 0; path = SwiftUIExampleUITests.xctest; sourceTree = BUILT_PRODUCTS_DIR; };
		47996FE32399246B003218FD /* SwiftUIExampleUITests.swift */ = {isa = PBXFileReference; lastKnownFileType = sourcecode.swift; path = SwiftUIExampleUITests.swift; sourceTree = "<group>"; };
		47996FE52399246B003218FD /* Info.plist */ = {isa = PBXFileReference; lastKnownFileType = text.plist.xml; path = Info.plist; sourceTree = "<group>"; };
		47996FF02399271A003218FD /* DetailView.swift */ = {isa = PBXFileReference; fileEncoding = 4; lastKnownFileType = sourcecode.swift; path = DetailView.swift; sourceTree = "<group>"; };
		47996FF12399271A003218FD /* Assets.xcassets */ = {isa = PBXFileReference; lastKnownFileType = folder.assetcatalog; path = Assets.xcassets; sourceTree = "<group>"; };
		47996FF22399271A003218FD /* URL+Extension.swift */ = {isa = PBXFileReference; fileEncoding = 4; lastKnownFileType = sourcecode.swift; path = "URL+Extension.swift"; sourceTree = "<group>"; };
		47996FF42399271A003218FD /* Preview Assets.xcassets */ = {isa = PBXFileReference; lastKnownFileType = folder.assetcatalog; path = "Preview Assets.xcassets"; sourceTree = "<group>"; };
		47996FF62399271A003218FD /* Base */ = {isa = PBXFileReference; lastKnownFileType = file.storyboard; name = Base; path = Base.lproj/LaunchScreen.storyboard; sourceTree = "<group>"; };
		47996FFC2399271A003218FD /* ItemListViewModel.swift */ = {isa = PBXFileReference; fileEncoding = 4; lastKnownFileType = sourcecode.swift; path = ItemListViewModel.swift; sourceTree = "<group>"; };
		47996FFE2399271A003218FD /* ItemListModel.swift */ = {isa = PBXFileReference; fileEncoding = 4; lastKnownFileType = sourcecode.swift; path = ItemListModel.swift; sourceTree = "<group>"; };
		479970002399271A003218FD /* ItemRow.swift */ = {isa = PBXFileReference; fileEncoding = 4; lastKnownFileType = sourcecode.swift; path = ItemRow.swift; sourceTree = "<group>"; };
		479970012399271A003218FD /* ItemListView.swift */ = {isa = PBXFileReference; fileEncoding = 4; lastKnownFileType = sourcecode.swift; path = ItemListView.swift; sourceTree = "<group>"; };
		479970042399271A003218FD /* Photo.swift */ = {isa = PBXFileReference; fileEncoding = 4; lastKnownFileType = sourcecode.swift; path = Photo.swift; sourceTree = "<group>"; };
		479970062399271A003218FD /* UIImage+Extension.swift */ = {isa = PBXFileReference; fileEncoding = 4; lastKnownFileType = sourcecode.swift; path = "UIImage+Extension.swift"; sourceTree = "<group>"; };
		479970072399271A003218FD /* IOError.swift */ = {isa = PBXFileReference; fileEncoding = 4; lastKnownFileType = sourcecode.swift; path = IOError.swift; sourceTree = "<group>"; };
		479970092399271A003218FD /* Constants.swift */ = {isa = PBXFileReference; fileEncoding = 4; lastKnownFileType = sourcecode.swift; path = Constants.swift; sourceTree = "<group>"; };
		4799700B2399271A003218FD /* CombineNetwork.swift */ = {isa = PBXFileReference; fileEncoding = 4; lastKnownFileType = sourcecode.swift; path = CombineNetwork.swift; sourceTree = "<group>"; };
		4799700D2399271A003218FD /* FetchItemUrlMakeable.swift */ = {isa = PBXFileReference; fileEncoding = 4; lastKnownFileType = sourcecode.swift; path = FetchItemUrlMakeable.swift; sourceTree = "<group>"; };
		4799700E2399271A003218FD /* ImageLoadable.swift */ = {isa = PBXFileReference; fileEncoding = 4; lastKnownFileType = sourcecode.swift; path = ImageLoadable.swift; sourceTree = "<group>"; };
		4799700F2399271A003218FD /* Fetchable.swift */ = {isa = PBXFileReference; fileEncoding = 4; lastKnownFileType = sourcecode.swift; path = Fetchable.swift; sourceTree = "<group>"; };
		479970112399271A003218FD /* OrderedSet.swift */ = {isa = PBXFileReference; fileEncoding = 4; lastKnownFileType = sourcecode.swift; path = OrderedSet.swift; sourceTree = "<group>"; };
		479970132399271A003218FD /* ImageLoader.swift */ = {isa = PBXFileReference; fileEncoding = 4; lastKnownFileType = sourcecode.swift; path = ImageLoader.swift; sourceTree = "<group>"; };
		479970182399271A003218FD /* BlurView.swift */ = {isa = PBXFileReference; fileEncoding = 4; lastKnownFileType = sourcecode.swift; path = BlurView.swift; sourceTree = "<group>"; };
		4799701B2399271A003218FD /* Functions.swift */ = {isa = PBXFileReference; fileEncoding = 4; lastKnownFileType = sourcecode.swift; path = Functions.swift; sourceTree = "<group>"; };
		4799701D2399271A003218FD /* NetworkError.swift */ = {isa = PBXFileReference; fileEncoding = 4; lastKnownFileType = sourcecode.swift; path = NetworkError.swift; sourceTree = "<group>"; };
		4799701E2399271A003218FD /* GenericItem.swift */ = {isa = PBXFileReference; fileEncoding = 4; lastKnownFileType = sourcecode.swift; path = GenericItem.swift; sourceTree = "<group>"; };
		4799701F2399271A003218FD /* AppDelegate.swift */ = {isa = PBXFileReference; fileEncoding = 4; lastKnownFileType = sourcecode.swift; path = AppDelegate.swift; sourceTree = "<group>"; };
		479970202399271A003218FD /* authors.txt */ = {isa = PBXFileReference; fileEncoding = 4; lastKnownFileType = text; path = authors.txt; sourceTree = "<group>"; };
		479970212399271A003218FD /* ContentView.swift */ = {isa = PBXFileReference; fileEncoding = 4; lastKnownFileType = sourcecode.swift; path = ContentView.swift; sourceTree = "<group>"; };
		479970222399271A003218FD /* Info.plist */ = {isa = PBXFileReference; fileEncoding = 4; lastKnownFileType = text.plist.xml; path = Info.plist; sourceTree = "<group>"; };
		479970232399271A003218FD /* SceneDelegate.swift */ = {isa = PBXFileReference; fileEncoding = 4; lastKnownFileType = sourcecode.swift; path = SceneDelegate.swift; sourceTree = "<group>"; };
		4799708423994425003218FD /* QuickExample.app */ = {isa = PBXFileReference; explicitFileType = wrapper.application; includeInIndex = 0; path = QuickExample.app; sourceTree = BUILT_PRODUCTS_DIR; };
		4799708623994425003218FD /* AppDelegate.swift */ = {isa = PBXFileReference; lastKnownFileType = sourcecode.swift; path = AppDelegate.swift; sourceTree = "<group>"; };
		4799708823994425003218FD /* SceneDelegate.swift */ = {isa = PBXFileReference; lastKnownFileType = sourcecode.swift; path = SceneDelegate.swift; sourceTree = "<group>"; };
		4799708A23994425003218FD /* ContentView.swift */ = {isa = PBXFileReference; lastKnownFileType = sourcecode.swift; path = ContentView.swift; sourceTree = "<group>"; };
		4799708C23994426003218FD /* Assets.xcassets */ = {isa = PBXFileReference; lastKnownFileType = folder.assetcatalog; path = Assets.xcassets; sourceTree = "<group>"; };
		4799708F23994426003218FD /* Preview Assets.xcassets */ = {isa = PBXFileReference; lastKnownFileType = folder.assetcatalog; path = "Preview Assets.xcassets"; sourceTree = "<group>"; };
		4799709223994426003218FD /* Base */ = {isa = PBXFileReference; lastKnownFileType = file.storyboard; name = Base; path = Base.lproj/LaunchScreen.storyboard; sourceTree = "<group>"; };
		4799709423994426003218FD /* Info.plist */ = {isa = PBXFileReference; lastKnownFileType = text.plist.xml; path = Info.plist; sourceTree = "<group>"; };
		496667BFF67CE0B860FCFC58 /* Pods-SwiftUIExample.release.xcconfig */ = {isa = PBXFileReference; includeInIndex = 1; lastKnownFileType = text.xcconfig; name = "Pods-SwiftUIExample.release.xcconfig"; path = "Target Support Files/Pods-SwiftUIExample/Pods-SwiftUIExample.release.xcconfig"; sourceTree = "<group>"; };
		69B53ECABCE9E89AD49A4399 /* Pods_SpotlightSearch_Tests.framework */ = {isa = PBXFileReference; explicitFileType = wrapper.framework; includeInIndex = 0; path = Pods_SpotlightSearch_Tests.framework; sourceTree = BUILT_PRODUCTS_DIR; };
		6FFE9B2B9ED83732821053F7 /* Pods-QuickExample.debug.xcconfig */ = {isa = PBXFileReference; includeInIndex = 1; lastKnownFileType = text.xcconfig; name = "Pods-QuickExample.debug.xcconfig"; path = "Target Support Files/Pods-QuickExample/Pods-QuickExample.debug.xcconfig"; sourceTree = "<group>"; };
		72FEEEA4B3838E24B0222E1C /* Pods-SwiftUIExample.debug.xcconfig */ = {isa = PBXFileReference; includeInIndex = 1; lastKnownFileType = text.xcconfig; name = "Pods-SwiftUIExample.debug.xcconfig"; path = "Target Support Files/Pods-SwiftUIExample/Pods-SwiftUIExample.debug.xcconfig"; sourceTree = "<group>"; };
		7A50F3CD42206E98AB6309CE /* SpotlightSearch.podspec */ = {isa = PBXFileReference; includeInIndex = 1; lastKnownFileType = text; name = SpotlightSearch.podspec; path = ../SpotlightSearch.podspec; sourceTree = "<group>"; xcLanguageSpecificationIdentifier = xcode.lang.ruby; };
		7C1ED3953B5A570AF020CD43 /* Pods_SwiftUIExample.framework */ = {isa = PBXFileReference; explicitFileType = wrapper.framework; includeInIndex = 0; path = Pods_SwiftUIExample.framework; sourceTree = BUILT_PRODUCTS_DIR; };
		8F9D103949689814C070D987 /* Pods-SpotlightSearch_Tests.release.xcconfig */ = {isa = PBXFileReference; includeInIndex = 1; lastKnownFileType = text.xcconfig; name = "Pods-SpotlightSearch_Tests.release.xcconfig"; path = "Target Support Files/Pods-SpotlightSearch_Tests/Pods-SpotlightSearch_Tests.release.xcconfig"; sourceTree = "<group>"; };
		A5DA35CFDDA34B3731870DB6 /* Pods_SpotlightSearch_Example.framework */ = {isa = PBXFileReference; explicitFileType = wrapper.framework; includeInIndex = 0; path = Pods_SpotlightSearch_Example.framework; sourceTree = BUILT_PRODUCTS_DIR; };
		AA5CD1EFADA5FAA0B209053A /* Pods-QuickExample.release.xcconfig */ = {isa = PBXFileReference; includeInIndex = 1; lastKnownFileType = text.xcconfig; name = "Pods-QuickExample.release.xcconfig"; path = "Target Support Files/Pods-QuickExample/Pods-QuickExample.release.xcconfig"; sourceTree = "<group>"; };
		BFE5FED16DDF057CB4609BC0 /* Pods-SpotlightSearch_Example.debug.xcconfig */ = {isa = PBXFileReference; includeInIndex = 1; lastKnownFileType = text.xcconfig; name = "Pods-SpotlightSearch_Example.debug.xcconfig"; path = "Target Support Files/Pods-SpotlightSearch_Example/Pods-SpotlightSearch_Example.debug.xcconfig"; sourceTree = "<group>"; };
		F32614486ACE1F9A8C6C4B6E /* Pods_QuickExample.framework */ = {isa = PBXFileReference; explicitFileType = wrapper.framework; includeInIndex = 0; path = Pods_QuickExample.framework; sourceTree = BUILT_PRODUCTS_DIR; };
/* End PBXFileReference section */

/* Begin PBXFrameworksBuildPhase section */
		47996FBC2399246A003218FD /* Frameworks */ = {
			isa = PBXFrameworksBuildPhase;
			buildActionMask = 2147483647;
			files = (
				E42C6E408CEFE116925405E6 /* Pods_SwiftUIExample.framework in Frameworks */,
			);
			runOnlyForDeploymentPostprocessing = 0;
		};
		47996FD12399246A003218FD /* Frameworks */ = {
			isa = PBXFrameworksBuildPhase;
			buildActionMask = 2147483647;
			files = (
			);
			runOnlyForDeploymentPostprocessing = 0;
		};
		47996FDC2399246B003218FD /* Frameworks */ = {
			isa = PBXFrameworksBuildPhase;
			buildActionMask = 2147483647;
			files = (
			);
			runOnlyForDeploymentPostprocessing = 0;
		};
		4799708123994425003218FD /* Frameworks */ = {
			isa = PBXFrameworksBuildPhase;
			buildActionMask = 2147483647;
			files = (
				2292DF0F5B968CE1305314FD /* Pods_QuickExample.framework in Frameworks */,
			);
			runOnlyForDeploymentPostprocessing = 0;
		};
/* End PBXFrameworksBuildPhase section */

/* Begin PBXGroup section */
		47996FD72399246B003218FD /* SwiftUIExampleTests */ = {
			isa = PBXGroup;
			children = (
				47996FD82399246B003218FD /* SwiftUIExampleTests.swift */,
				47996FDA2399246B003218FD /* Info.plist */,
			);
			path = SwiftUIExampleTests;
			sourceTree = "<group>";
		};
		47996FE22399246B003218FD /* SwiftUIExampleUITests */ = {
			isa = PBXGroup;
			children = (
				47996FE32399246B003218FD /* SwiftUIExampleUITests.swift */,
				47996FE52399246B003218FD /* Info.plist */,
			);
			path = SwiftUIExampleUITests;
			sourceTree = "<group>";
		};
		47996FEF2399271A003218FD /* SwiftUIExample */ = {
			isa = PBXGroup;
			children = (
				47996FF72399271A003218FD /* Components */,
				479970022399271A003218FD /* Common */,
				4799701F2399271A003218FD /* AppDelegate.swift */,
				479970212399271A003218FD /* ContentView.swift */,
				479970232399271A003218FD /* SceneDelegate.swift */,
				479970222399271A003218FD /* Info.plist */,
				47996FF12399271A003218FD /* Assets.xcassets */,
				47996FF52399271A003218FD /* LaunchScreen.storyboard */,
				47996FF32399271A003218FD /* Preview Content */,
			);
			path = SwiftUIExample;
			sourceTree = "<group>";
		};
		47996FF32399271A003218FD /* Preview Content */ = {
			isa = PBXGroup;
			children = (
				47996FF42399271A003218FD /* Preview Assets.xcassets */,
			);
			path = "Preview Content";
			sourceTree = "<group>";
		};
		47996FF72399271A003218FD /* Components */ = {
			isa = PBXGroup;
			children = (
				47B0B3E723A298AD00B0F0B4 /* DetailView */,
				47996FF92399271A003218FD /* ItemListView */,
			);
			path = Components;
			sourceTree = "<group>";
		};
		47996FF92399271A003218FD /* ItemListView */ = {
			isa = PBXGroup;
			children = (
				47996FFB2399271A003218FD /* ViewModel */,
				47996FFD2399271A003218FD /* Model */,
				47996FFF2399271A003218FD /* View */,
			);
			path = ItemListView;
			sourceTree = "<group>";
		};
		47996FFB2399271A003218FD /* ViewModel */ = {
			isa = PBXGroup;
			children = (
				47996FFC2399271A003218FD /* ItemListViewModel.swift */,
			);
			path = ViewModel;
			sourceTree = "<group>";
		};
		47996FFD2399271A003218FD /* Model */ = {
			isa = PBXGroup;
			children = (
				47996FFE2399271A003218FD /* ItemListModel.swift */,
			);
			path = Model;
			sourceTree = "<group>";
		};
		47996FFF2399271A003218FD /* View */ = {
			isa = PBXGroup;
			children = (
				479970002399271A003218FD /* ItemRow.swift */,
				479970012399271A003218FD /* ItemListView.swift */,
			);
			path = View;
			sourceTree = "<group>";
		};
		479970022399271A003218FD /* Common */ = {
			isa = PBXGroup;
			children = (
				479970032399271A003218FD /* Entity */,
				479970052399271A003218FD /* Extension */,
				479970082399271A003218FD /* Constants */,
				4799700A2399271A003218FD /* Network */,
				4799700C2399271A003218FD /* Protocol */,
				479970102399271A003218FD /* DataStructure */,
				479970122399271A003218FD /* ImageLoader */,
				479970142399271A003218FD /* View */,
				479970192399271A003218FD /* Files */,
				4799701A2399271A003218FD /* Functions */,
				4799701C2399271A003218FD /* Error */,
			);
			path = Common;
			sourceTree = "<group>";
		};
		479970032399271A003218FD /* Entity */ = {
			isa = PBXGroup;
			children = (
				479970042399271A003218FD /* Photo.swift */,
			);
			path = Entity;
			sourceTree = "<group>";
		};
		479970052399271A003218FD /* Extension */ = {
			isa = PBXGroup;
			children = (
				47996FF22399271A003218FD /* URL+Extension.swift */,
				479970062399271A003218FD /* UIImage+Extension.swift */,
			);
			path = Extension;
			sourceTree = "<group>";
		};
		479970082399271A003218FD /* Constants */ = {
			isa = PBXGroup;
			children = (
				479970092399271A003218FD /* Constants.swift */,
			);
			path = Constants;
			sourceTree = "<group>";
		};
		4799700A2399271A003218FD /* Network */ = {
			isa = PBXGroup;
			children = (
				4799700B2399271A003218FD /* CombineNetwork.swift */,
			);
			path = Network;
			sourceTree = "<group>";
		};
		4799700C2399271A003218FD /* Protocol */ = {
			isa = PBXGroup;
			children = (
				4799701E2399271A003218FD /* GenericItem.swift */,
				4799700D2399271A003218FD /* FetchItemUrlMakeable.swift */,
				4799700E2399271A003218FD /* ImageLoadable.swift */,
				4799700F2399271A003218FD /* Fetchable.swift */,
			);
			path = Protocol;
			sourceTree = "<group>";
		};
		479970102399271A003218FD /* DataStructure */ = {
			isa = PBXGroup;
			children = (
				479970112399271A003218FD /* OrderedSet.swift */,
			);
			path = DataStructure;
			sourceTree = "<group>";
		};
		479970122399271A003218FD /* ImageLoader */ = {
			isa = PBXGroup;
			children = (
				479970132399271A003218FD /* ImageLoader.swift */,
			);
			path = ImageLoader;
			sourceTree = "<group>";
		};
		479970142399271A003218FD /* View */ = {
			isa = PBXGroup;
			children = (
				479970182399271A003218FD /* BlurView.swift */,
			);
			path = View;
			sourceTree = "<group>";
		};
		479970192399271A003218FD /* Files */ = {
			isa = PBXGroup;
			children = (
				479970202399271A003218FD /* authors.txt */,
			);
			path = Files;
			sourceTree = "<group>";
		};
		4799701A2399271A003218FD /* Functions */ = {
			isa = PBXGroup;
			children = (
				4799701B2399271A003218FD /* Functions.swift */,
			);
			path = Functions;
			sourceTree = "<group>";
		};
		4799701C2399271A003218FD /* Error */ = {
			isa = PBXGroup;
			children = (
				479970072399271A003218FD /* IOError.swift */,
				4799701D2399271A003218FD /* NetworkError.swift */,
			);
			path = Error;
			sourceTree = "<group>";
		};
		4799708523994425003218FD /* QuickExample */ = {
			isa = PBXGroup;
			children = (
				4799708623994425003218FD /* AppDelegate.swift */,
				4799708823994425003218FD /* SceneDelegate.swift */,
				4799708A23994425003218FD /* ContentView.swift */,
				4799708C23994426003218FD /* Assets.xcassets */,
				4799709123994426003218FD /* LaunchScreen.storyboard */,
				4799709423994426003218FD /* Info.plist */,
				4799708E23994426003218FD /* Preview Content */,
			);
			path = QuickExample;
			sourceTree = "<group>";
		};
		4799708E23994426003218FD /* Preview Content */ = {
			isa = PBXGroup;
			children = (
				4799708F23994426003218FD /* Preview Assets.xcassets */,
			);
			path = "Preview Content";
			sourceTree = "<group>";
		};
		47B0B3E723A298AD00B0F0B4 /* DetailView */ = {
			isa = PBXGroup;
			children = (
				47B0B3E823A298B100B0F0B4 /* View */,
			);
			path = DetailView;
			sourceTree = "<group>";
		};
		47B0B3E823A298B100B0F0B4 /* View */ = {
			isa = PBXGroup;
			children = (
				47996FF02399271A003218FD /* DetailView.swift */,
			);
			path = View;
			sourceTree = "<group>";
		};
		607FACC71AFB9204008FA782 = {
			isa = PBXGroup;
			children = (
				607FACF51AFB993E008FA782 /* Podspec Metadata */,
				47996FEF2399271A003218FD /* SwiftUIExample */,
				47996FD72399246B003218FD /* SwiftUIExampleTests */,
				47996FE22399246B003218FD /* SwiftUIExampleUITests */,
				4799708523994425003218FD /* QuickExample */,
				607FACD11AFB9204008FA782 /* Products */,
				79A21F49019A0B0F60B3CDB1 /* Pods */,
				7CF190F5C66ABBCF3FAE49BF /* Frameworks */,
			);
			sourceTree = "<group>";
		};
		607FACD11AFB9204008FA782 /* Products */ = {
			isa = PBXGroup;
			children = (
				47996FBF2399246A003218FD /* SwiftUIExample.app */,
				47996FD42399246A003218FD /* SwiftUIExampleTests.xctest */,
				47996FDF2399246B003218FD /* SwiftUIExampleUITests.xctest */,
				4799708423994425003218FD /* QuickExample.app */,
			);
			name = Products;
			sourceTree = "<group>";
		};
		607FACF51AFB993E008FA782 /* Podspec Metadata */ = {
			isa = PBXGroup;
			children = (
				7A50F3CD42206E98AB6309CE /* SpotlightSearch.podspec */,
				207F4C5DEDA36CA27B32A866 /* README.md */,
				1A1C4A4C585A24DAFA1E418B /* LICENSE */,
			);
			name = "Podspec Metadata";
			sourceTree = "<group>";
		};
		79A21F49019A0B0F60B3CDB1 /* Pods */ = {
			isa = PBXGroup;
			children = (
				BFE5FED16DDF057CB4609BC0 /* Pods-SpotlightSearch_Example.debug.xcconfig */,
				44D458B35825B59F12F7A4A2 /* Pods-SpotlightSearch_Example.release.xcconfig */,
				1E15FB8B0681D427A866853F /* Pods-SpotlightSearch_Tests.debug.xcconfig */,
				8F9D103949689814C070D987 /* Pods-SpotlightSearch_Tests.release.xcconfig */,
				72FEEEA4B3838E24B0222E1C /* Pods-SwiftUIExample.debug.xcconfig */,
				496667BFF67CE0B860FCFC58 /* Pods-SwiftUIExample.release.xcconfig */,
				6FFE9B2B9ED83732821053F7 /* Pods-QuickExample.debug.xcconfig */,
				AA5CD1EFADA5FAA0B209053A /* Pods-QuickExample.release.xcconfig */,
			);
			path = Pods;
			sourceTree = "<group>";
		};
		7CF190F5C66ABBCF3FAE49BF /* Frameworks */ = {
			isa = PBXGroup;
			children = (
				A5DA35CFDDA34B3731870DB6 /* Pods_SpotlightSearch_Example.framework */,
				69B53ECABCE9E89AD49A4399 /* Pods_SpotlightSearch_Tests.framework */,
				7C1ED3953B5A570AF020CD43 /* Pods_SwiftUIExample.framework */,
				F32614486ACE1F9A8C6C4B6E /* Pods_QuickExample.framework */,
			);
			name = Frameworks;
			sourceTree = "<group>";
		};
/* End PBXGroup section */

/* Begin PBXNativeTarget section */
		47996FBE2399246A003218FD /* SwiftUIExample */ = {
			isa = PBXNativeTarget;
			buildConfigurationList = 47996FE62399246B003218FD /* Build configuration list for PBXNativeTarget "SwiftUIExample" */;
			buildPhases = (
				7CF1108D686565F02890B013 /* [CP] Check Pods Manifest.lock */,
				47996FBB2399246A003218FD /* Sources */,
				47996FBC2399246A003218FD /* Frameworks */,
				47996FBD2399246A003218FD /* Resources */,
				D7AF122E2184B1B673A12961 /* [CP] Embed Pods Frameworks */,
			);
			buildRules = (
			);
			dependencies = (
			);
			name = SwiftUIExample;
			productName = SwiftUIExample;
			productReference = 47996FBF2399246A003218FD /* SwiftUIExample.app */;
			productType = "com.apple.product-type.application";
		};
		47996FD32399246A003218FD /* SwiftUIExampleTests */ = {
			isa = PBXNativeTarget;
			buildConfigurationList = 47996FE92399246B003218FD /* Build configuration list for PBXNativeTarget "SwiftUIExampleTests" */;
			buildPhases = (
				47996FD02399246A003218FD /* Sources */,
				47996FD12399246A003218FD /* Frameworks */,
				47996FD22399246A003218FD /* Resources */,
			);
			buildRules = (
			);
			dependencies = (
				47996FD62399246A003218FD /* PBXTargetDependency */,
			);
			name = SwiftUIExampleTests;
			productName = SwiftUIExampleTests;
			productReference = 47996FD42399246A003218FD /* SwiftUIExampleTests.xctest */;
			productType = "com.apple.product-type.bundle.unit-test";
		};
		47996FDE2399246B003218FD /* SwiftUIExampleUITests */ = {
			isa = PBXNativeTarget;
			buildConfigurationList = 47996FEC2399246B003218FD /* Build configuration list for PBXNativeTarget "SwiftUIExampleUITests" */;
			buildPhases = (
				47996FDB2399246B003218FD /* Sources */,
				47996FDC2399246B003218FD /* Frameworks */,
				47996FDD2399246B003218FD /* Resources */,
			);
			buildRules = (
			);
			dependencies = (
				47996FE12399246B003218FD /* PBXTargetDependency */,
			);
			name = SwiftUIExampleUITests;
			productName = SwiftUIExampleUITests;
			productReference = 47996FDF2399246B003218FD /* SwiftUIExampleUITests.xctest */;
			productType = "com.apple.product-type.bundle.ui-testing";
		};
		4799708323994425003218FD /* QuickExample */ = {
			isa = PBXNativeTarget;
			buildConfigurationList = 479970B123994426003218FD /* Build configuration list for PBXNativeTarget "QuickExample" */;
			buildPhases = (
				C10C5E6CAE7B42D7EF049AD4 /* [CP] Check Pods Manifest.lock */,
				4799708023994425003218FD /* Sources */,
				4799708123994425003218FD /* Frameworks */,
				4799708223994425003218FD /* Resources */,
				86DF7203EF4EF1F350AF3069 /* [CP] Embed Pods Frameworks */,
			);
			buildRules = (
			);
			dependencies = (
			);
			name = QuickExample;
			productName = QuickExample;
			productReference = 4799708423994425003218FD /* QuickExample.app */;
			productType = "com.apple.product-type.application";
		};
/* End PBXNativeTarget section */

/* Begin PBXProject section */
		607FACC81AFB9204008FA782 /* Project object */ = {
			isa = PBXProject;
			attributes = {
				LastSwiftUpdateCheck = 1120;
				LastUpgradeCheck = 0830;
				ORGANIZATIONNAME = CocoaPods;
				TargetAttributes = {
					47996FBE2399246A003218FD = {
						CreatedOnToolsVersion = 11.2.1;
						DevelopmentTeam = D9B84574LT;
						ProvisioningStyle = Automatic;
					};
					47996FD32399246A003218FD = {
						CreatedOnToolsVersion = 11.2.1;
						DevelopmentTeam = D9B84574LT;
						ProvisioningStyle = Automatic;
						TestTargetID = 47996FBE2399246A003218FD;
					};
					47996FDE2399246B003218FD = {
						CreatedOnToolsVersion = 11.2.1;
						DevelopmentTeam = D9B84574LT;
						ProvisioningStyle = Automatic;
						TestTargetID = 47996FBE2399246A003218FD;
					};
					4799708323994425003218FD = {
						CreatedOnToolsVersion = 11.2.1;
						DevelopmentTeam = D9B84574LT;
						ProvisioningStyle = Automatic;
					};
				};
			};
			buildConfigurationList = 607FACCB1AFB9204008FA782 /* Build configuration list for PBXProject "SpotlightSearch" */;
			compatibilityVersion = "Xcode 3.2";
			developmentRegion = English;
			hasScannedForEncodings = 0;
			knownRegions = (
				English,
				en,
				Base,
			);
			mainGroup = 607FACC71AFB9204008FA782;
			productRefGroup = 607FACD11AFB9204008FA782 /* Products */;
			projectDirPath = "";
			projectRoot = "";
			targets = (
				47996FBE2399246A003218FD /* SwiftUIExample */,
				47996FD32399246A003218FD /* SwiftUIExampleTests */,
				47996FDE2399246B003218FD /* SwiftUIExampleUITests */,
				4799708323994425003218FD /* QuickExample */,
			);
		};
/* End PBXProject section */

/* Begin PBXResourcesBuildPhase section */
		47996FBD2399246A003218FD /* Resources */ = {
			isa = PBXResourcesBuildPhase;
			buildActionMask = 2147483647;
			files = (
				479970282399271A003218FD /* LaunchScreen.storyboard in Resources */,
				479970272399271A003218FD /* Preview Assets.xcassets in Resources */,
				479970252399271A003218FD /* Assets.xcassets in Resources */,
				4799703C2399271A003218FD /* authors.txt in Resources */,
			);
			runOnlyForDeploymentPostprocessing = 0;
		};
		47996FD22399246A003218FD /* Resources */ = {
			isa = PBXResourcesBuildPhase;
			buildActionMask = 2147483647;
			files = (
			);
			runOnlyForDeploymentPostprocessing = 0;
		};
		47996FDD2399246B003218FD /* Resources */ = {
			isa = PBXResourcesBuildPhase;
			buildActionMask = 2147483647;
			files = (
			);
			runOnlyForDeploymentPostprocessing = 0;
		};
		4799708223994425003218FD /* Resources */ = {
			isa = PBXResourcesBuildPhase;
			buildActionMask = 2147483647;
			files = (
				4799709323994426003218FD /* LaunchScreen.storyboard in Resources */,
				4799709023994426003218FD /* Preview Assets.xcassets in Resources */,
				4799708D23994426003218FD /* Assets.xcassets in Resources */,
			);
			runOnlyForDeploymentPostprocessing = 0;
		};
/* End PBXResourcesBuildPhase section */

/* Begin PBXShellScriptBuildPhase section */
		7CF1108D686565F02890B013 /* [CP] Check Pods Manifest.lock */ = {
			isa = PBXShellScriptBuildPhase;
			buildActionMask = 2147483647;
			files = (
			);
			inputFileListPaths = (
			);
			inputPaths = (
				"${PODS_PODFILE_DIR_PATH}/Podfile.lock",
				"${PODS_ROOT}/Manifest.lock",
			);
			name = "[CP] Check Pods Manifest.lock";
			outputFileListPaths = (
			);
			outputPaths = (
				"$(DERIVED_FILE_DIR)/Pods-SwiftUIExample-checkManifestLockResult.txt",
			);
			runOnlyForDeploymentPostprocessing = 0;
			shellPath = /bin/sh;
			shellScript = "diff \"${PODS_PODFILE_DIR_PATH}/Podfile.lock\" \"${PODS_ROOT}/Manifest.lock\" > /dev/null\nif [ $? != 0 ] ; then\n    # print error to STDERR\n    echo \"error: The sandbox is not in sync with the Podfile.lock. Run 'pod install' or update your CocoaPods installation.\" >&2\n    exit 1\nfi\n# This output is used by Xcode 'outputs' to avoid re-running this script phase.\necho \"SUCCESS\" > \"${SCRIPT_OUTPUT_FILE_0}\"\n";
			showEnvVarsInLog = 0;
		};
		86DF7203EF4EF1F350AF3069 /* [CP] Embed Pods Frameworks */ = {
			isa = PBXShellScriptBuildPhase;
			buildActionMask = 2147483647;
			files = (
			);
			inputPaths = (
				"${PODS_ROOT}/Target Support Files/Pods-QuickExample/Pods-QuickExample-frameworks.sh",
				"${BUILT_PRODUCTS_DIR}/SpotlightSearch/SpotlightSearch.framework",
			);
			name = "[CP] Embed Pods Frameworks";
			outputPaths = (
				"${TARGET_BUILD_DIR}/${FRAMEWORKS_FOLDER_PATH}/SpotlightSearch.framework",
			);
			runOnlyForDeploymentPostprocessing = 0;
			shellPath = /bin/sh;
			shellScript = "\"${PODS_ROOT}/Target Support Files/Pods-QuickExample/Pods-QuickExample-frameworks.sh\"\n";
			showEnvVarsInLog = 0;
		};
		C10C5E6CAE7B42D7EF049AD4 /* [CP] Check Pods Manifest.lock */ = {
			isa = PBXShellScriptBuildPhase;
			buildActionMask = 2147483647;
			files = (
			);
			inputFileListPaths = (
			);
			inputPaths = (
				"${PODS_PODFILE_DIR_PATH}/Podfile.lock",
				"${PODS_ROOT}/Manifest.lock",
			);
			name = "[CP] Check Pods Manifest.lock";
			outputFileListPaths = (
			);
			outputPaths = (
				"$(DERIVED_FILE_DIR)/Pods-QuickExample-checkManifestLockResult.txt",
			);
			runOnlyForDeploymentPostprocessing = 0;
			shellPath = /bin/sh;
			shellScript = "diff \"${PODS_PODFILE_DIR_PATH}/Podfile.lock\" \"${PODS_ROOT}/Manifest.lock\" > /dev/null\nif [ $? != 0 ] ; then\n    # print error to STDERR\n    echo \"error: The sandbox is not in sync with the Podfile.lock. Run 'pod install' or update your CocoaPods installation.\" >&2\n    exit 1\nfi\n# This output is used by Xcode 'outputs' to avoid re-running this script phase.\necho \"SUCCESS\" > \"${SCRIPT_OUTPUT_FILE_0}\"\n";
			showEnvVarsInLog = 0;
		};
		D7AF122E2184B1B673A12961 /* [CP] Embed Pods Frameworks */ = {
			isa = PBXShellScriptBuildPhase;
			buildActionMask = 2147483647;
			files = (
			);
			inputPaths = (
				"${PODS_ROOT}/Target Support Files/Pods-SwiftUIExample/Pods-SwiftUIExample-frameworks.sh",
				"${BUILT_PRODUCTS_DIR}/SpotlightSearch/SpotlightSearch.framework",
			);
			name = "[CP] Embed Pods Frameworks";
			outputPaths = (
				"${TARGET_BUILD_DIR}/${FRAMEWORKS_FOLDER_PATH}/SpotlightSearch.framework",
			);
			runOnlyForDeploymentPostprocessing = 0;
			shellPath = /bin/sh;
			shellScript = "\"${PODS_ROOT}/Target Support Files/Pods-SwiftUIExample/Pods-SwiftUIExample-frameworks.sh\"\n";
			showEnvVarsInLog = 0;
		};
/* End PBXShellScriptBuildPhase section */

/* Begin PBXSourcesBuildPhase section */
		47996FBB2399246A003218FD /* Sources */ = {
			isa = PBXSourcesBuildPhase;
			buildActionMask = 2147483647;
			files = (
				4799702D2399271A003218FD /* Photo.swift in Sources */,
				479970242399271A003218FD /* DetailView.swift in Sources */,
				479970332399271A003218FD /* ImageLoadable.swift in Sources */,
				4799702C2399271A003218FD /* ItemListView.swift in Sources */,
				479970322399271A003218FD /* FetchItemUrlMakeable.swift in Sources */,
				4799702E2399271A003218FD /* UIImage+Extension.swift in Sources */,
				4799703F2399271A003218FD /* SceneDelegate.swift in Sources */,
				479970362399271A003218FD /* ImageLoader.swift in Sources */,
				479970342399271A003218FD /* Fetchable.swift in Sources */,
				479970292399271A003218FD /* ItemListViewModel.swift in Sources */,
				479970302399271A003218FD /* Constants.swift in Sources */,
				479970352399271A003218FD /* OrderedSet.swift in Sources */,
				479970382399271A003218FD /* Functions.swift in Sources */,
				4799703D2399271A003218FD /* ContentView.swift in Sources */,
				4799703A2399271A003218FD /* GenericItem.swift in Sources */,
				479970312399271A003218FD /* CombineNetwork.swift in Sources */,
				4799702B2399271A003218FD /* ItemRow.swift in Sources */,
				479970372399271A003218FD /* BlurView.swift in Sources */,
				4799702A2399271A003218FD /* ItemListModel.swift in Sources */,
				4799702F2399271A003218FD /* IOError.swift in Sources */,
				4799703B2399271A003218FD /* AppDelegate.swift in Sources */,
				479970262399271A003218FD /* URL+Extension.swift in Sources */,
				479970392399271A003218FD /* NetworkError.swift in Sources */,
			);
			runOnlyForDeploymentPostprocessing = 0;
		};
		47996FD02399246A003218FD /* Sources */ = {
			isa = PBXSourcesBuildPhase;
			buildActionMask = 2147483647;
			files = (
				47996FD92399246B003218FD /* SwiftUIExampleTests.swift in Sources */,
			);
			runOnlyForDeploymentPostprocessing = 0;
		};
		47996FDB2399246B003218FD /* Sources */ = {
			isa = PBXSourcesBuildPhase;
			buildActionMask = 2147483647;
			files = (
				47996FE42399246B003218FD /* SwiftUIExampleUITests.swift in Sources */,
			);
			runOnlyForDeploymentPostprocessing = 0;
		};
		4799708023994425003218FD /* Sources */ = {
			isa = PBXSourcesBuildPhase;
			buildActionMask = 2147483647;
			files = (
				4799708723994425003218FD /* AppDelegate.swift in Sources */,
				4799708923994425003218FD /* SceneDelegate.swift in Sources */,
				4799708B23994425003218FD /* ContentView.swift in Sources */,
			);
			runOnlyForDeploymentPostprocessing = 0;
		};
/* End PBXSourcesBuildPhase section */

/* Begin PBXTargetDependency section */
		47996FD62399246A003218FD /* PBXTargetDependency */ = {
			isa = PBXTargetDependency;
			target = 47996FBE2399246A003218FD /* SwiftUIExample */;
			targetProxy = 47996FD52399246A003218FD /* PBXContainerItemProxy */;
		};
		47996FE12399246B003218FD /* PBXTargetDependency */ = {
			isa = PBXTargetDependency;
			target = 47996FBE2399246A003218FD /* SwiftUIExample */;
			targetProxy = 47996FE02399246B003218FD /* PBXContainerItemProxy */;
		};
/* End PBXTargetDependency section */

/* Begin PBXVariantGroup section */
		47996FF52399271A003218FD /* LaunchScreen.storyboard */ = {
			isa = PBXVariantGroup;
			children = (
				47996FF62399271A003218FD /* Base */,
			);
			name = LaunchScreen.storyboard;
			sourceTree = "<group>";
		};
		4799709123994426003218FD /* LaunchScreen.storyboard */ = {
			isa = PBXVariantGroup;
			children = (
				4799709223994426003218FD /* Base */,
			);
			name = LaunchScreen.storyboard;
			sourceTree = "<group>";
		};
/* End PBXVariantGroup section */

/* Begin XCBuildConfiguration section */
		47996FE72399246B003218FD /* Debug */ = {
			isa = XCBuildConfiguration;
			baseConfigurationReference = 72FEEEA4B3838E24B0222E1C /* Pods-SwiftUIExample.debug.xcconfig */;
			buildSettings = {
				ASSETCATALOG_COMPILER_APPICON_NAME = AppIcon;
				CLANG_ANALYZER_NONNULL = YES;
				CLANG_ANALYZER_NUMBER_OBJECT_CONVERSION = YES_AGGRESSIVE;
				CLANG_CXX_LANGUAGE_STANDARD = "gnu++14";
				CLANG_ENABLE_OBJC_WEAK = YES;
				CLANG_WARN_DEPRECATED_OBJC_IMPLEMENTATIONS = YES;
				CLANG_WARN_DOCUMENTATION_COMMENTS = YES;
				CLANG_WARN_OBJC_IMPLICIT_RETAIN_SELF = YES;
				CLANG_WARN_UNGUARDED_AVAILABILITY = YES_AGGRESSIVE;
				CODE_SIGN_STYLE = Automatic;
				DEBUG_INFORMATION_FORMAT = dwarf;
				DEVELOPMENT_ASSET_PATHS = "\"SwiftUIExample/Preview Content\"";
				DEVELOPMENT_TEAM = D9B84574LT;
				ENABLE_PREVIEWS = YES;
				GCC_C_LANGUAGE_STANDARD = gnu11;
				INFOPLIST_FILE = SwiftUIExample/Info.plist;
				IPHONEOS_DEPLOYMENT_TARGET = 13.2;
				LD_RUNPATH_SEARCH_PATHS = "$(inherited) @executable_path/Frameworks";
				MTL_ENABLE_DEBUG_INFO = INCLUDE_SOURCE;
				MTL_FAST_MATH = YES;
				PRODUCT_BUNDLE_IDENTIFIER = com.ios.ui.swift.SpotlightSearch.example.SwiftUIExample;
				PRODUCT_NAME = "$(TARGET_NAME)";
				SWIFT_ACTIVE_COMPILATION_CONDITIONS = DEBUG;
				SWIFT_VERSION = 5.0;
				TARGETED_DEVICE_FAMILY = "1,2";
			};
			name = Debug;
		};
		47996FE82399246B003218FD /* Release */ = {
			isa = XCBuildConfiguration;
			baseConfigurationReference = 496667BFF67CE0B860FCFC58 /* Pods-SwiftUIExample.release.xcconfig */;
			buildSettings = {
				ASSETCATALOG_COMPILER_APPICON_NAME = AppIcon;
				CLANG_ANALYZER_NONNULL = YES;
				CLANG_ANALYZER_NUMBER_OBJECT_CONVERSION = YES_AGGRESSIVE;
				CLANG_CXX_LANGUAGE_STANDARD = "gnu++14";
				CLANG_ENABLE_OBJC_WEAK = YES;
				CLANG_WARN_DEPRECATED_OBJC_IMPLEMENTATIONS = YES;
				CLANG_WARN_DOCUMENTATION_COMMENTS = YES;
				CLANG_WARN_OBJC_IMPLICIT_RETAIN_SELF = YES;
				CLANG_WARN_UNGUARDED_AVAILABILITY = YES_AGGRESSIVE;
				CODE_SIGN_STYLE = Automatic;
				DEVELOPMENT_ASSET_PATHS = "\"SwiftUIExample/Preview Content\"";
				DEVELOPMENT_TEAM = D9B84574LT;
				ENABLE_PREVIEWS = YES;
				GCC_C_LANGUAGE_STANDARD = gnu11;
				INFOPLIST_FILE = SwiftUIExample/Info.plist;
				IPHONEOS_DEPLOYMENT_TARGET = 13.2;
				LD_RUNPATH_SEARCH_PATHS = "$(inherited) @executable_path/Frameworks";
				MTL_FAST_MATH = YES;
				PRODUCT_BUNDLE_IDENTIFIER = com.ios.ui.swift.SpotlightSearch.example.SwiftUIExample;
				PRODUCT_NAME = "$(TARGET_NAME)";
				SWIFT_VERSION = 5.0;
				TARGETED_DEVICE_FAMILY = "1,2";
			};
			name = Release;
		};
		47996FEA2399246B003218FD /* Debug */ = {
			isa = XCBuildConfiguration;
			buildSettings = {
				ALWAYS_EMBED_SWIFT_STANDARD_LIBRARIES = YES;
				BUNDLE_LOADER = "$(TEST_HOST)";
				CLANG_ANALYZER_NONNULL = YES;
				CLANG_ANALYZER_NUMBER_OBJECT_CONVERSION = YES_AGGRESSIVE;
				CLANG_CXX_LANGUAGE_STANDARD = "gnu++14";
				CLANG_ENABLE_OBJC_WEAK = YES;
				CLANG_WARN_DEPRECATED_OBJC_IMPLEMENTATIONS = YES;
				CLANG_WARN_DOCUMENTATION_COMMENTS = YES;
				CLANG_WARN_OBJC_IMPLICIT_RETAIN_SELF = YES;
				CLANG_WARN_UNGUARDED_AVAILABILITY = YES_AGGRESSIVE;
				CODE_SIGN_STYLE = Automatic;
				DEBUG_INFORMATION_FORMAT = dwarf;
				DEVELOPMENT_TEAM = D9B84574LT;
				GCC_C_LANGUAGE_STANDARD = gnu11;
				INFOPLIST_FILE = SwiftUIExampleTests/Info.plist;
				IPHONEOS_DEPLOYMENT_TARGET = 13.2;
				LD_RUNPATH_SEARCH_PATHS = "$(inherited) @executable_path/Frameworks @loader_path/Frameworks";
				MTL_ENABLE_DEBUG_INFO = INCLUDE_SOURCE;
				MTL_FAST_MATH = YES;
				PRODUCT_BUNDLE_IDENTIFIER = com.ios.ui.swift.SpotlightSearch.example.SwiftUIExampleTests;
				PRODUCT_NAME = "$(TARGET_NAME)";
				SWIFT_ACTIVE_COMPILATION_CONDITIONS = DEBUG;
				SWIFT_VERSION = 5.0;
				TARGETED_DEVICE_FAMILY = "1,2";
				TEST_HOST = "$(BUILT_PRODUCTS_DIR)/SwiftUIExample.app/SwiftUIExample";
			};
			name = Debug;
		};
		47996FEB2399246B003218FD /* Release */ = {
			isa = XCBuildConfiguration;
			buildSettings = {
				ALWAYS_EMBED_SWIFT_STANDARD_LIBRARIES = YES;
				BUNDLE_LOADER = "$(TEST_HOST)";
				CLANG_ANALYZER_NONNULL = YES;
				CLANG_ANALYZER_NUMBER_OBJECT_CONVERSION = YES_AGGRESSIVE;
				CLANG_CXX_LANGUAGE_STANDARD = "gnu++14";
				CLANG_ENABLE_OBJC_WEAK = YES;
				CLANG_WARN_DEPRECATED_OBJC_IMPLEMENTATIONS = YES;
				CLANG_WARN_DOCUMENTATION_COMMENTS = YES;
				CLANG_WARN_OBJC_IMPLICIT_RETAIN_SELF = YES;
				CLANG_WARN_UNGUARDED_AVAILABILITY = YES_AGGRESSIVE;
				CODE_SIGN_STYLE = Automatic;
				DEVELOPMENT_TEAM = D9B84574LT;
				GCC_C_LANGUAGE_STANDARD = gnu11;
				INFOPLIST_FILE = SwiftUIExampleTests/Info.plist;
				IPHONEOS_DEPLOYMENT_TARGET = 13.2;
				LD_RUNPATH_SEARCH_PATHS = "$(inherited) @executable_path/Frameworks @loader_path/Frameworks";
				MTL_FAST_MATH = YES;
				PRODUCT_BUNDLE_IDENTIFIER = com.ios.ui.swift.SpotlightSearch.example.SwiftUIExampleTests;
				PRODUCT_NAME = "$(TARGET_NAME)";
				SWIFT_VERSION = 5.0;
				TARGETED_DEVICE_FAMILY = "1,2";
				TEST_HOST = "$(BUILT_PRODUCTS_DIR)/SwiftUIExample.app/SwiftUIExample";
			};
			name = Release;
		};
		47996FED2399246B003218FD /* Debug */ = {
			isa = XCBuildConfiguration;
			buildSettings = {
				ALWAYS_EMBED_SWIFT_STANDARD_LIBRARIES = YES;
				CLANG_ANALYZER_NONNULL = YES;
				CLANG_ANALYZER_NUMBER_OBJECT_CONVERSION = YES_AGGRESSIVE;
				CLANG_CXX_LANGUAGE_STANDARD = "gnu++14";
				CLANG_ENABLE_OBJC_WEAK = YES;
				CLANG_WARN_DEPRECATED_OBJC_IMPLEMENTATIONS = YES;
				CLANG_WARN_DOCUMENTATION_COMMENTS = YES;
				CLANG_WARN_OBJC_IMPLICIT_RETAIN_SELF = YES;
				CLANG_WARN_UNGUARDED_AVAILABILITY = YES_AGGRESSIVE;
				CODE_SIGN_STYLE = Automatic;
				DEBUG_INFORMATION_FORMAT = dwarf;
				DEVELOPMENT_TEAM = D9B84574LT;
				GCC_C_LANGUAGE_STANDARD = gnu11;
				INFOPLIST_FILE = SwiftUIExampleUITests/Info.plist;
				IPHONEOS_DEPLOYMENT_TARGET = 13.2;
				LD_RUNPATH_SEARCH_PATHS = "$(inherited) @executable_path/Frameworks @loader_path/Frameworks";
				MTL_ENABLE_DEBUG_INFO = INCLUDE_SOURCE;
				MTL_FAST_MATH = YES;
				PRODUCT_BUNDLE_IDENTIFIER = com.ios.ui.swift.SpotlightSearch.example.SwiftUIExampleUITests;
				PRODUCT_NAME = "$(TARGET_NAME)";
				SWIFT_ACTIVE_COMPILATION_CONDITIONS = DEBUG;
				SWIFT_VERSION = 5.0;
				TARGETED_DEVICE_FAMILY = "1,2";
				TEST_TARGET_NAME = SwiftUIExample;
			};
			name = Debug;
		};
		47996FEE2399246B003218FD /* Release */ = {
			isa = XCBuildConfiguration;
			buildSettings = {
				ALWAYS_EMBED_SWIFT_STANDARD_LIBRARIES = YES;
				CLANG_ANALYZER_NONNULL = YES;
				CLANG_ANALYZER_NUMBER_OBJECT_CONVERSION = YES_AGGRESSIVE;
				CLANG_CXX_LANGUAGE_STANDARD = "gnu++14";
				CLANG_ENABLE_OBJC_WEAK = YES;
				CLANG_WARN_DEPRECATED_OBJC_IMPLEMENTATIONS = YES;
				CLANG_WARN_DOCUMENTATION_COMMENTS = YES;
				CLANG_WARN_OBJC_IMPLICIT_RETAIN_SELF = YES;
				CLANG_WARN_UNGUARDED_AVAILABILITY = YES_AGGRESSIVE;
				CODE_SIGN_STYLE = Automatic;
				DEVELOPMENT_TEAM = D9B84574LT;
				GCC_C_LANGUAGE_STANDARD = gnu11;
				INFOPLIST_FILE = SwiftUIExampleUITests/Info.plist;
				IPHONEOS_DEPLOYMENT_TARGET = 13.2;
				LD_RUNPATH_SEARCH_PATHS = "$(inherited) @executable_path/Frameworks @loader_path/Frameworks";
				MTL_FAST_MATH = YES;
				PRODUCT_BUNDLE_IDENTIFIER = com.ios.ui.swift.SpotlightSearch.example.SwiftUIExampleUITests;
				PRODUCT_NAME = "$(TARGET_NAME)";
				SWIFT_VERSION = 5.0;
				TARGETED_DEVICE_FAMILY = "1,2";
				TEST_TARGET_NAME = SwiftUIExample;
			};
			name = Release;
		};
		479970AB23994426003218FD /* Debug */ = {
			isa = XCBuildConfiguration;
			baseConfigurationReference = 6FFE9B2B9ED83732821053F7 /* Pods-QuickExample.debug.xcconfig */;
			buildSettings = {
				ASSETCATALOG_COMPILER_APPICON_NAME = AppIcon;
				CLANG_ANALYZER_NONNULL = YES;
				CLANG_ANALYZER_NUMBER_OBJECT_CONVERSION = YES_AGGRESSIVE;
				CLANG_CXX_LANGUAGE_STANDARD = "gnu++14";
				CLANG_ENABLE_OBJC_WEAK = YES;
				CLANG_WARN_DEPRECATED_OBJC_IMPLEMENTATIONS = YES;
				CLANG_WARN_DOCUMENTATION_COMMENTS = YES;
				CLANG_WARN_OBJC_IMPLICIT_RETAIN_SELF = YES;
				CLANG_WARN_UNGUARDED_AVAILABILITY = YES_AGGRESSIVE;
				CODE_SIGN_STYLE = Automatic;
				DEBUG_INFORMATION_FORMAT = dwarf;
				DEVELOPMENT_ASSET_PATHS = "\"QuickExample/Preview Content\"";
				DEVELOPMENT_TEAM = D9B84574LT;
				ENABLE_PREVIEWS = YES;
				GCC_C_LANGUAGE_STANDARD = gnu11;
				INFOPLIST_FILE = QuickExample/Info.plist;
				IPHONEOS_DEPLOYMENT_TARGET = 13.2;
				LD_RUNPATH_SEARCH_PATHS = "$(inherited) @executable_path/Frameworks";
				MTL_ENABLE_DEBUG_INFO = INCLUDE_SOURCE;
				MTL_FAST_MATH = YES;
				PRODUCT_BUNDLE_IDENTIFIER = com.ios.ui.swift.SpotlightSearch.example2.QuickExample;
				PRODUCT_NAME = "$(TARGET_NAME)";
				SWIFT_ACTIVE_COMPILATION_CONDITIONS = DEBUG;
				SWIFT_VERSION = 5.0;
				TARGETED_DEVICE_FAMILY = "1,2";
			};
			name = Debug;
		};
		479970AC23994426003218FD /* Release */ = {
			isa = XCBuildConfiguration;
			baseConfigurationReference = AA5CD1EFADA5FAA0B209053A /* Pods-QuickExample.release.xcconfig */;
			buildSettings = {
				ASSETCATALOG_COMPILER_APPICON_NAME = AppIcon;
				CLANG_ANALYZER_NONNULL = YES;
				CLANG_ANALYZER_NUMBER_OBJECT_CONVERSION = YES_AGGRESSIVE;
				CLANG_CXX_LANGUAGE_STANDARD = "gnu++14";
				CLANG_ENABLE_OBJC_WEAK = YES;
				CLANG_WARN_DEPRECATED_OBJC_IMPLEMENTATIONS = YES;
				CLANG_WARN_DOCUMENTATION_COMMENTS = YES;
				CLANG_WARN_OBJC_IMPLICIT_RETAIN_SELF = YES;
				CLANG_WARN_UNGUARDED_AVAILABILITY = YES_AGGRESSIVE;
				CODE_SIGN_STYLE = Automatic;
				DEVELOPMENT_ASSET_PATHS = "\"QuickExample/Preview Content\"";
				DEVELOPMENT_TEAM = D9B84574LT;
				ENABLE_PREVIEWS = YES;
				GCC_C_LANGUAGE_STANDARD = gnu11;
				INFOPLIST_FILE = QuickExample/Info.plist;
				IPHONEOS_DEPLOYMENT_TARGET = 13.2;
				LD_RUNPATH_SEARCH_PATHS = "$(inherited) @executable_path/Frameworks";
				MTL_FAST_MATH = YES;
				PRODUCT_BUNDLE_IDENTIFIER = com.ios.ui.swift.SpotlightSearch.example2.QuickExample;
				PRODUCT_NAME = "$(TARGET_NAME)";
				SWIFT_VERSION = 5.0;
				TARGETED_DEVICE_FAMILY = "1,2";
			};
			name = Release;
		};
		607FACED1AFB9204008FA782 /* Debug */ = {
			isa = XCBuildConfiguration;
			buildSettings = {
				ALWAYS_SEARCH_USER_PATHS = NO;
				CLANG_CXX_LANGUAGE_STANDARD = "gnu++0x";
				CLANG_CXX_LIBRARY = "libc++";
				CLANG_ENABLE_MODULES = YES;
				CLANG_ENABLE_OBJC_ARC = YES;
				CLANG_WARN_BLOCK_CAPTURE_AUTORELEASING = YES;
				CLANG_WARN_BOOL_CONVERSION = YES;
				CLANG_WARN_COMMA = YES;
				CLANG_WARN_CONSTANT_CONVERSION = YES;
				CLANG_WARN_DIRECT_OBJC_ISA_USAGE = YES_ERROR;
				CLANG_WARN_EMPTY_BODY = YES;
				CLANG_WARN_ENUM_CONVERSION = YES;
				CLANG_WARN_INFINITE_RECURSION = YES;
				CLANG_WARN_INT_CONVERSION = YES;
				CLANG_WARN_NON_LITERAL_NULL_CONVERSION = YES;
				CLANG_WARN_OBJC_LITERAL_CONVERSION = YES;
				CLANG_WARN_OBJC_ROOT_CLASS = YES_ERROR;
				CLANG_WARN_RANGE_LOOP_ANALYSIS = YES;
				CLANG_WARN_STRICT_PROTOTYPES = YES;
				CLANG_WARN_SUSPICIOUS_MOVE = YES;
				CLANG_WARN_UNREACHABLE_CODE = YES;
				CLANG_WARN__DUPLICATE_METHOD_MATCH = YES;
				"CODE_SIGN_IDENTITY[sdk=iphoneos*]" = "iPhone Developer";
				COPY_PHASE_STRIP = NO;
				DEBUG_INFORMATION_FORMAT = "dwarf-with-dsym";
				ENABLE_STRICT_OBJC_MSGSEND = YES;
				ENABLE_TESTABILITY = YES;
				GCC_C_LANGUAGE_STANDARD = gnu99;
				GCC_DYNAMIC_NO_PIC = NO;
				GCC_NO_COMMON_BLOCKS = YES;
				GCC_OPTIMIZATION_LEVEL = 0;
				GCC_PREPROCESSOR_DEFINITIONS = (
					"DEBUG=1",
					"$(inherited)",
				);
				GCC_SYMBOLS_PRIVATE_EXTERN = NO;
				GCC_WARN_64_TO_32_BIT_CONVERSION = YES;
				GCC_WARN_ABOUT_RETURN_TYPE = YES_ERROR;
				GCC_WARN_UNDECLARED_SELECTOR = YES;
				GCC_WARN_UNINITIALIZED_AUTOS = YES_AGGRESSIVE;
				GCC_WARN_UNUSED_FUNCTION = YES;
				GCC_WARN_UNUSED_VARIABLE = YES;
				IPHONEOS_DEPLOYMENT_TARGET = 9.3;
				MTL_ENABLE_DEBUG_INFO = YES;
				ONLY_ACTIVE_ARCH = YES;
				SDKROOT = iphoneos;
				SWIFT_OPTIMIZATION_LEVEL = "-Onone";
			};
			name = Debug;
		};
		607FACEE1AFB9204008FA782 /* Release */ = {
			isa = XCBuildConfiguration;
			buildSettings = {
				ALWAYS_SEARCH_USER_PATHS = NO;
				CLANG_CXX_LANGUAGE_STANDARD = "gnu++0x";
				CLANG_CXX_LIBRARY = "libc++";
				CLANG_ENABLE_MODULES = YES;
				CLANG_ENABLE_OBJC_ARC = YES;
				CLANG_WARN_BLOCK_CAPTURE_AUTORELEASING = YES;
				CLANG_WARN_BOOL_CONVERSION = YES;
				CLANG_WARN_COMMA = YES;
				CLANG_WARN_CONSTANT_CONVERSION = YES;
				CLANG_WARN_DIRECT_OBJC_ISA_USAGE = YES_ERROR;
				CLANG_WARN_EMPTY_BODY = YES;
				CLANG_WARN_ENUM_CONVERSION = YES;
				CLANG_WARN_INFINITE_RECURSION = YES;
				CLANG_WARN_INT_CONVERSION = YES;
				CLANG_WARN_NON_LITERAL_NULL_CONVERSION = YES;
				CLANG_WARN_OBJC_LITERAL_CONVERSION = YES;
				CLANG_WARN_OBJC_ROOT_CLASS = YES_ERROR;
				CLANG_WARN_RANGE_LOOP_ANALYSIS = YES;
				CLANG_WARN_STRICT_PROTOTYPES = YES;
				CLANG_WARN_SUSPICIOUS_MOVE = YES;
				CLANG_WARN_UNREACHABLE_CODE = YES;
				CLANG_WARN__DUPLICATE_METHOD_MATCH = YES;
				"CODE_SIGN_IDENTITY[sdk=iphoneos*]" = "iPhone Developer";
				COPY_PHASE_STRIP = NO;
				DEBUG_INFORMATION_FORMAT = "dwarf-with-dsym";
				ENABLE_NS_ASSERTIONS = NO;
				ENABLE_STRICT_OBJC_MSGSEND = YES;
				GCC_C_LANGUAGE_STANDARD = gnu99;
				GCC_NO_COMMON_BLOCKS = YES;
				GCC_WARN_64_TO_32_BIT_CONVERSION = YES;
				GCC_WARN_ABOUT_RETURN_TYPE = YES_ERROR;
				GCC_WARN_UNDECLARED_SELECTOR = YES;
				GCC_WARN_UNINITIALIZED_AUTOS = YES_AGGRESSIVE;
				GCC_WARN_UNUSED_FUNCTION = YES;
				GCC_WARN_UNUSED_VARIABLE = YES;
				IPHONEOS_DEPLOYMENT_TARGET = 9.3;
				MTL_ENABLE_DEBUG_INFO = NO;
				SDKROOT = iphoneos;
				SWIFT_OPTIMIZATION_LEVEL = "-Owholemodule";
				VALIDATE_PRODUCT = YES;
			};
			name = Release;
		};
/* End XCBuildConfiguration section */

/* Begin XCConfigurationList section */
		47996FE62399246B003218FD /* Build configuration list for PBXNativeTarget "SwiftUIExample" */ = {
			isa = XCConfigurationList;
			buildConfigurations = (
				47996FE72399246B003218FD /* Debug */,
				47996FE82399246B003218FD /* Release */,
			);
			defaultConfigurationIsVisible = 0;
			defaultConfigurationName = Release;
		};
		47996FE92399246B003218FD /* Build configuration list for PBXNativeTarget "SwiftUIExampleTests" */ = {
			isa = XCConfigurationList;
			buildConfigurations = (
				47996FEA2399246B003218FD /* Debug */,
				47996FEB2399246B003218FD /* Release */,
			);
			defaultConfigurationIsVisible = 0;
			defaultConfigurationName = Release;
		};
		47996FEC2399246B003218FD /* Build configuration list for PBXNativeTarget "SwiftUIExampleUITests" */ = {
			isa = XCConfigurationList;
			buildConfigurations = (
				47996FED2399246B003218FD /* Debug */,
				47996FEE2399246B003218FD /* Release */,
			);
			defaultConfigurationIsVisible = 0;
			defaultConfigurationName = Release;
		};
		479970B123994426003218FD /* Build configuration list for PBXNativeTarget "QuickExample" */ = {
			isa = XCConfigurationList;
			buildConfigurations = (
				479970AB23994426003218FD /* Debug */,
				479970AC23994426003218FD /* Release */,
			);
			defaultConfigurationIsVisible = 0;
			defaultConfigurationName = Release;
		};
		607FACCB1AFB9204008FA782 /* Build configuration list for PBXProject "SpotlightSearch" */ = {
			isa = XCConfigurationList;
			buildConfigurations = (
				607FACED1AFB9204008FA782 /* Debug */,
				607FACEE1AFB9204008FA782 /* Release */,
			);
			defaultConfigurationIsVisible = 0;
			defaultConfigurationName = Release;
		};
/* End XCConfigurationList section */
	};
	rootObject = 607FACC81AFB9204008FA782 /* Project object */;
}
